
Microsoft Visual Studio Solution File, Format Version 12.00
# Visual Studio 15
VisualStudioVersion = 15.0.27004.2002
MinimumVisualStudioVersion = 10.0.40219.1
Project("{9A19103F-16F7-4668-BE54-9A1E7A4F7556}") = "DataStructures", "DataStructures\DataStructures.csproj", "{B1D0BE3A-091A-4558-95C3-4275386F9321}"
EndProject
Project("{9A19103F-16F7-4668-BE54-9A1E7A4F7556}") = "Algorithms", "Algorithms\Algorithms.csproj", "{1057B247-EA1D-469B-9E10-ADFD2B9D776E}"
EndProject
Project("{9A19103F-16F7-4668-BE54-9A1E7A4F7556}") = "Algorithms.Tests", "Algorithms.Tests\Algorithms.Tests.csproj", "{F860D7B9-3D28-4A13-A04D-4A1FDDDF3C6C}"
EndProject
Project("{9A19103F-16F7-4668-BE54-9A1E7A4F7556}") = "DataStructures.Tests", "DataStructures.Tests\DataStructures.Tests.csproj", "{FB3E0AAD-15BD-4130-AA4B-6A45B5CB7D31}"
EndProject
Project("{2150E333-8FDC-42A3-9474-1A3956D46DE8}") = "GUI Demos", "GUI Demos", "{A55B7904-C639-4257-A02F-B46D9D55ACE3}"
EndProject
Project("{FAE04EC0-301F-11D3-BF4B-00C04F79EFBC}") = "StackUndoDemo", "StackUndoDemo\StackUndoDemo.csproj", "{708887ED-882C-4C29-A7C9-46E86C1A6766}"
EndProject
Project("{9A19103F-16F7-4668-BE54-9A1E7A4F7556}") = "CSharp", "CSharp\CSharp.csproj", "{30F790C2-EB9D-4DBC-8CEB-A153DF15F315}"
EndProject
Project("{2150E333-8FDC-42A3-9474-1A3956D46DE8}") = "test", "test", "{8C2284B3-8CD7-49E0-BF2C-2FCD42C1D282}"
EndProject
Project("{9A19103F-16F7-4668-BE54-9A1E7A4F7556}") = "CSharp.Tests", "CSharp.Tests\CSharp.Tests.csproj", "{36414784-C0D7-4253-95CB-40D50DFE1C8A}"
EndProject
Project("{2150E333-8FDC-42A3-9474-1A3956D46DE8}") = "src", "src", "{70A0A7F1-4C76-4FB4-8E35-87A8C0EEFA16}"
EndProject
Project("{9A19103F-16F7-4668-BE54-9A1E7A4F7556}") = "CodeWars", "CodeWars\CodeWars.csproj", "{FDCE02E9-31C1-4D20-8023-9BA5ABDE7417}"
EndProject
Project("{9A19103F-16F7-4668-BE54-9A1E7A4F7556}") = "CodeWars.Tests", "CodeWars.Tests\CodeWars.Tests.csproj", "{50DF6685-A1F8-4F8C-A1D7-6650386D1B2A}"
EndProject
Project("{2150E333-8FDC-42A3-9474-1A3956D46DE8}") = "Challenges", "Challenges", "{8BB780D0-EF59-4255-A842-CDD9CA216E34}"
EndProject
Project("{9A19103F-16F7-4668-BE54-9A1E7A4F7556}") = "HackerRank", "HackerRank\HackerRank.csproj", "{B676DCEB-1E79-45B4-A82E-9C66C3AA48B3}"
EndProject
Project("{9A19103F-16F7-4668-BE54-9A1E7A4F7556}") = "HackerRank.Tests", "HackerRank.Tests\HackerRank.Tests.csproj", "{0FF78F16-B8AF-4ED1-8592-07380F2A45FD}"
EndProject
Project("{9A19103F-16F7-4668-BE54-9A1E7A4F7556}") = "CodeFights", "CodeFights\CodeFights.csproj", "{B1D7FD28-C801-4F50-8105-39B953397DF1}"
EndProject
Project("{9A19103F-16F7-4668-BE54-9A1E7A4F7556}") = "CodeFights.Tests", "CodeFights.Tests\CodeFights.Tests.csproj", "{414D9CDD-499B-4BA6-A032-D2ECB346C936}"
EndProject
Project("{9A19103F-16F7-4668-BE54-9A1E7A4F7556}") = "IC.Tests", "IC.Tests\IC.Tests.csproj", "{CB24093A-9CF8-4992-A191-A562719F724D}"
EndProject
Project("{FAE04EC0-301F-11D3-BF4B-00C04F79EFBC}") = "DesignPatterns", "DesignPatterns\DesignPatterns.csproj", "{B36FEFA9-C8E9-4C89-B552-80F5B3D7E4B5}"
EndProject
Project("{FAE04EC0-301F-11D3-BF4B-00C04F79EFBC}") = "DesignPatterns.Tests", "DesignPatterns.Tests\DesignPatterns.Tests.csproj", "{536EAE0E-D455-425A-BB94-0869B05DD030}"
EndProject
Global
	GlobalSection(SolutionConfigurationPlatforms) = preSolution
		Debug|Any CPU = Debug|Any CPU
		Release|Any CPU = Release|Any CPU
	EndGlobalSection
	GlobalSection(ProjectConfigurationPlatforms) = postSolution
		{B1D0BE3A-091A-4558-95C3-4275386F9321}.Debug|Any CPU.ActiveCfg = Debug|Any CPU
		{B1D0BE3A-091A-4558-95C3-4275386F9321}.Debug|Any CPU.Build.0 = Debug|Any CPU
		{B1D0BE3A-091A-4558-95C3-4275386F9321}.Release|Any CPU.ActiveCfg = Release|Any CPU
		{B1D0BE3A-091A-4558-95C3-4275386F9321}.Release|Any CPU.Build.0 = Release|Any CPU
		{1057B247-EA1D-469B-9E10-ADFD2B9D776E}.Debug|Any CPU.ActiveCfg = Debug|Any CPU
		{1057B247-EA1D-469B-9E10-ADFD2B9D776E}.Debug|Any CPU.Build.0 = Debug|Any CPU
		{1057B247-EA1D-469B-9E10-ADFD2B9D776E}.Release|Any CPU.ActiveCfg = Release|Any CPU
		{1057B247-EA1D-469B-9E10-ADFD2B9D776E}.Release|Any CPU.Build.0 = Release|Any CPU
		{F860D7B9-3D28-4A13-A04D-4A1FDDDF3C6C}.Debug|Any CPU.ActiveCfg = Debug|Any CPU
		{F860D7B9-3D28-4A13-A04D-4A1FDDDF3C6C}.Debug|Any CPU.Build.0 = Debug|Any CPU
		{F860D7B9-3D28-4A13-A04D-4A1FDDDF3C6C}.Release|Any CPU.ActiveCfg = Release|Any CPU
		{F860D7B9-3D28-4A13-A04D-4A1FDDDF3C6C}.Release|Any CPU.Build.0 = Release|Any CPU
		{FB3E0AAD-15BD-4130-AA4B-6A45B5CB7D31}.Debug|Any CPU.ActiveCfg = Debug|Any CPU
		{FB3E0AAD-15BD-4130-AA4B-6A45B5CB7D31}.Debug|Any CPU.Build.0 = Debug|Any CPU
		{FB3E0AAD-15BD-4130-AA4B-6A45B5CB7D31}.Release|Any CPU.ActiveCfg = Release|Any CPU
		{FB3E0AAD-15BD-4130-AA4B-6A45B5CB7D31}.Release|Any CPU.Build.0 = Release|Any CPU
		{708887ED-882C-4C29-A7C9-46E86C1A6766}.Debug|Any CPU.ActiveCfg = Debug|Any CPU
		{708887ED-882C-4C29-A7C9-46E86C1A6766}.Debug|Any CPU.Build.0 = Debug|Any CPU
		{708887ED-882C-4C29-A7C9-46E86C1A6766}.Release|Any CPU.ActiveCfg = Release|Any CPU
		{708887ED-882C-4C29-A7C9-46E86C1A6766}.Release|Any CPU.Build.0 = Release|Any CPU
		{30F790C2-EB9D-4DBC-8CEB-A153DF15F315}.Debug|Any CPU.ActiveCfg = Debug|Any CPU
		{30F790C2-EB9D-4DBC-8CEB-A153DF15F315}.Debug|Any CPU.Build.0 = Debug|Any CPU
		{30F790C2-EB9D-4DBC-8CEB-A153DF15F315}.Release|Any CPU.ActiveCfg = Release|Any CPU
		{30F790C2-EB9D-4DBC-8CEB-A153DF15F315}.Release|Any CPU.Build.0 = Release|Any CPU
		{36414784-C0D7-4253-95CB-40D50DFE1C8A}.Debug|Any CPU.ActiveCfg = Debug|Any CPU
		{36414784-C0D7-4253-95CB-40D50DFE1C8A}.Debug|Any CPU.Build.0 = Debug|Any CPU
		{36414784-C0D7-4253-95CB-40D50DFE1C8A}.Release|Any CPU.ActiveCfg = Release|Any CPU
		{36414784-C0D7-4253-95CB-40D50DFE1C8A}.Release|Any CPU.Build.0 = Release|Any CPU
		{FDCE02E9-31C1-4D20-8023-9BA5ABDE7417}.Debug|Any CPU.ActiveCfg = Debug|Any CPU
		{FDCE02E9-31C1-4D20-8023-9BA5ABDE7417}.Debug|Any CPU.Build.0 = Debug|Any CPU
		{FDCE02E9-31C1-4D20-8023-9BA5ABDE7417}.Release|Any CPU.ActiveCfg = Release|Any CPU
		{FDCE02E9-31C1-4D20-8023-9BA5ABDE7417}.Release|Any CPU.Build.0 = Release|Any CPU
		{50DF6685-A1F8-4F8C-A1D7-6650386D1B2A}.Debug|Any CPU.ActiveCfg = Debug|Any CPU
		{50DF6685-A1F8-4F8C-A1D7-6650386D1B2A}.Debug|Any CPU.Build.0 = Debug|Any CPU
		{50DF6685-A1F8-4F8C-A1D7-6650386D1B2A}.Release|Any CPU.ActiveCfg = Release|Any CPU
		{50DF6685-A1F8-4F8C-A1D7-6650386D1B2A}.Release|Any CPU.Build.0 = Release|Any CPU
		{B676DCEB-1E79-45B4-A82E-9C66C3AA48B3}.Debug|Any CPU.ActiveCfg = Debug|Any CPU
		{B676DCEB-1E79-45B4-A82E-9C66C3AA48B3}.Debug|Any CPU.Build.0 = Debug|Any CPU
		{B676DCEB-1E79-45B4-A82E-9C66C3AA48B3}.Release|Any CPU.ActiveCfg = Release|Any CPU
		{B676DCEB-1E79-45B4-A82E-9C66C3AA48B3}.Release|Any CPU.Build.0 = Release|Any CPU
		{0FF78F16-B8AF-4ED1-8592-07380F2A45FD}.Debug|Any CPU.ActiveCfg = Debug|Any CPU
		{0FF78F16-B8AF-4ED1-8592-07380F2A45FD}.Debug|Any CPU.Build.0 = Debug|Any CPU
		{0FF78F16-B8AF-4ED1-8592-07380F2A45FD}.Release|Any CPU.ActiveCfg = Release|Any CPU
		{0FF78F16-B8AF-4ED1-8592-07380F2A45FD}.Release|Any CPU.Build.0 = Release|Any CPU
		{B1D7FD28-C801-4F50-8105-39B953397DF1}.Debug|Any CPU.ActiveCfg = Debug|Any CPU
		{B1D7FD28-C801-4F50-8105-39B953397DF1}.Debug|Any CPU.Build.0 = Debug|Any CPU
		{B1D7FD28-C801-4F50-8105-39B953397DF1}.Release|Any CPU.ActiveCfg = Release|Any CPU
		{B1D7FD28-C801-4F50-8105-39B953397DF1}.Release|Any CPU.Build.0 = Release|Any CPU
		{414D9CDD-499B-4BA6-A032-D2ECB346C936}.Debug|Any CPU.ActiveCfg = Debug|Any CPU
		{414D9CDD-499B-4BA6-A032-D2ECB346C936}.Debug|Any CPU.Build.0 = Debug|Any CPU
		{414D9CDD-499B-4BA6-A032-D2ECB346C936}.Release|Any CPU.ActiveCfg = Release|Any CPU
		{414D9CDD-499B-4BA6-A032-D2ECB346C936}.Release|Any CPU.Build.0 = Release|Any CPU
		{CB24093A-9CF8-4992-A191-A562719F724D}.Debug|Any CPU.ActiveCfg = Debug|Any CPU
		{CB24093A-9CF8-4992-A191-A562719F724D}.Debug|Any CPU.Build.0 = Debug|Any CPU
		{CB24093A-9CF8-4992-A191-A562719F724D}.Release|Any CPU.ActiveCfg = Release|Any CPU
		{CB24093A-9CF8-4992-A191-A562719F724D}.Release|Any CPU.Build.0 = Release|Any CPU
		{B36FEFA9-C8E9-4C89-B552-80F5B3D7E4B5}.Debug|Any CPU.ActiveCfg = Debug|Any CPU
		{B36FEFA9-C8E9-4C89-B552-80F5B3D7E4B5}.Debug|Any CPU.Build.0 = Debug|Any CPU
		{B36FEFA9-C8E9-4C89-B552-80F5B3D7E4B5}.Release|Any CPU.ActiveCfg = Release|Any CPU
		{B36FEFA9-C8E9-4C89-B552-80F5B3D7E4B5}.Release|Any CPU.Build.0 = Release|Any CPU
		{536EAE0E-D455-425A-BB94-0869B05DD030}.Debug|Any CPU.ActiveCfg = Debug|Any CPU
		{536EAE0E-D455-425A-BB94-0869B05DD030}.Debug|Any CPU.Build.0 = Debug|Any CPU
		{536EAE0E-D455-425A-BB94-0869B05DD030}.Release|Any CPU.ActiveCfg = Release|Any CPU
		{536EAE0E-D455-425A-BB94-0869B05DD030}.Release|Any CPU.Build.0 = Release|Any CPU
	EndGlobalSection
	GlobalSection(SolutionProperties) = preSolution
		HideSolutionNode = FALSE
	EndGlobalSection
	GlobalSection(NestedProjects) = preSolution
		{B1D0BE3A-091A-4558-95C3-4275386F9321} = {70A0A7F1-4C76-4FB4-8E35-87A8C0EEFA16}
		{1057B247-EA1D-469B-9E10-ADFD2B9D776E} = {70A0A7F1-4C76-4FB4-8E35-87A8C0EEFA16}
		{F860D7B9-3D28-4A13-A04D-4A1FDDDF3C6C} = {8C2284B3-8CD7-49E0-BF2C-2FCD42C1D282}
		{FB3E0AAD-15BD-4130-AA4B-6A45B5CB7D31} = {8C2284B3-8CD7-49E0-BF2C-2FCD42C1D282}
		{A55B7904-C639-4257-A02F-B46D9D55ACE3} = {70A0A7F1-4C76-4FB4-8E35-87A8C0EEFA16}
		{708887ED-882C-4C29-A7C9-46E86C1A6766} = {A55B7904-C639-4257-A02F-B46D9D55ACE3}
		{30F790C2-EB9D-4DBC-8CEB-A153DF15F315} = {70A0A7F1-4C76-4FB4-8E35-87A8C0EEFA16}
		{36414784-C0D7-4253-95CB-40D50DFE1C8A} = {8C2284B3-8CD7-49E0-BF2C-2FCD42C1D282}
		{FDCE02E9-31C1-4D20-8023-9BA5ABDE7417} = {8BB780D0-EF59-4255-A842-CDD9CA216E34}
		{50DF6685-A1F8-4F8C-A1D7-6650386D1B2A} = {8C2284B3-8CD7-49E0-BF2C-2FCD42C1D282}
		{8BB780D0-EF59-4255-A842-CDD9CA216E34} = {70A0A7F1-4C76-4FB4-8E35-87A8C0EEFA16}
		{B676DCEB-1E79-45B4-A82E-9C66C3AA48B3} = {8BB780D0-EF59-4255-A842-CDD9CA216E34}
		{0FF78F16-B8AF-4ED1-8592-07380F2A45FD} = {8C2284B3-8CD7-49E0-BF2C-2FCD42C1D282}
		{B1D7FD28-C801-4F50-8105-39B953397DF1} = {8BB780D0-EF59-4255-A842-CDD9CA216E34}
		{414D9CDD-499B-4BA6-A032-D2ECB346C936} = {8C2284B3-8CD7-49E0-BF2C-2FCD42C1D282}
		{CB24093A-9CF8-4992-A191-A562719F724D} = {8C2284B3-8CD7-49E0-BF2C-2FCD42C1D282}
		{B36FEFA9-C8E9-4C89-B552-80F5B3D7E4B5} = {70A0A7F1-4C76-4FB4-8E35-87A8C0EEFA16}
		{536EAE0E-D455-425A-BB94-0869B05DD030} = {8C2284B3-8CD7-49E0-BF2C-2FCD42C1D282}
	EndGlobalSection
	GlobalSection(ExtensibilityGlobals) = postSolution
		SolutionGuid = {5886C788-2009-4636-8DB8-6BBD287C9357}
	EndGlobalSection
EndGlobal
