
Microsoft Visual Studio Solution File, Format Version 12.00
# Visual Studio 15
VisualStudioVersion = 15.0.26730.12
MinimumVisualStudioVersion = 10.0.40219.1
Project("{9A19103F-16F7-4668-BE54-9A1E7A4F7556}") = "DataStructures", "DataStructures\DataStructures.csproj", "{B1D0BE3A-091A-4558-95C3-4275386F9321}"
EndProject
Project("{9A19103F-16F7-4668-BE54-9A1E7A4F7556}") = "Algorithms", "Algorithms\Algorithms.csproj", "{1057B247-EA1D-469B-9E10-ADFD2B9D776E}"
EndProject
Project("{9A19103F-16F7-4668-BE54-9A1E7A4F7556}") = "Algorithms.Tests", "Algorithms.Tests\Algorithms.Tests.csproj", "{F860D7B9-3D28-4A13-A04D-4A1FDDDF3C6C}"
EndProject
Project("{9A19103F-16F7-4668-BE54-9A1E7A4F7556}") = "DataStructures.Tests", "DataStructures.Tests\DataStructures.Tests.csproj", "{FB3E0AAD-15BD-4130-AA4B-6A45B5CB7D31}"
EndProject
Project("{2150E333-8FDC-42A3-9474-1A3956D46DE8}") = "GUI Demos", "GUI Demos", "{A55B7904-C639-4257-A02F-B46D9D55ACE3}"
EndProject
Project("{FAE04EC0-301F-11D3-BF4B-00C04F79EFBC}") = "StackUndoDemo", "StackUndoDemo\StackUndoDemo.csproj", "{708887ED-882C-4C29-A7C9-46E86C1A6766}"
EndProject
Project("{FAE04EC0-301F-11D3-BF4B-00C04F79EFBC}") = "CSharp", "CSharp\CSharp.csproj", "{30F790C2-EB9D-4DBC-8CEB-A153DF15F315}"
EndProject
Project("{2150E333-8FDC-42A3-9474-1A3956D46DE8}") = "Tests", "Tests", "{8C2284B3-8CD7-49E0-BF2C-2FCD42C1D282}"
EndProject
Project("{FAE04EC0-301F-11D3-BF4B-00C04F79EFBC}") = "CSharp.Tests", "CSharp.Tests\CSharp.Tests.csproj", "{36414784-C0D7-4253-95CB-40D50DFE1C8A}"
EndProject
Global
	GlobalSection(SolutionConfigurationPlatforms) = preSolution
		Debug|Any CPU = Debug|Any CPU
		Release|Any CPU = Release|Any CPU
	EndGlobalSection
	GlobalSection(ProjectConfigurationPlatforms) = postSolution
		{B1D0BE3A-091A-4558-95C3-4275386F9321}.Debug|Any CPU.ActiveCfg = Debug|Any CPU
		{B1D0BE3A-091A-4558-95C3-4275386F9321}.Debug|Any CPU.Build.0 = Debug|Any CPU
		{B1D0BE3A-091A-4558-95C3-4275386F9321}.Release|Any CPU.ActiveCfg = Release|Any CPU
		{B1D0BE3A-091A-4558-95C3-4275386F9321}.Release|Any CPU.Build.0 = Release|Any CPU
		{1057B247-EA1D-469B-9E10-ADFD2B9D776E}.Debug|Any CPU.ActiveCfg = Debug|Any CPU
		{1057B247-EA1D-469B-9E10-ADFD2B9D776E}.Debug|Any CPU.Build.0 = Debug|Any CPU
		{1057B247-EA1D-469B-9E10-ADFD2B9D776E}.Release|Any CPU.ActiveCfg = Release|Any CPU
		{1057B247-EA1D-469B-9E10-ADFD2B9D776E}.Release|Any CPU.Build.0 = Release|Any CPU
		{F860D7B9-3D28-4A13-A04D-4A1FDDDF3C6C}.Debug|Any CPU.ActiveCfg = Debug|Any CPU
		{F860D7B9-3D28-4A13-A04D-4A1FDDDF3C6C}.Debug|Any CPU.Build.0 = Debug|Any CPU
		{F860D7B9-3D28-4A13-A04D-4A1FDDDF3C6C}.Release|Any CPU.ActiveCfg = Release|Any CPU
		{F860D7B9-3D28-4A13-A04D-4A1FDDDF3C6C}.Release|Any CPU.Build.0 = Release|Any CPU
		{FB3E0AAD-15BD-4130-AA4B-6A45B5CB7D31}.Debug|Any CPU.ActiveCfg = Debug|Any CPU
		{FB3E0AAD-15BD-4130-AA4B-6A45B5CB7D31}.Debug|Any CPU.Build.0 = Debug|Any CPU
		{FB3E0AAD-15BD-4130-AA4B-6A45B5CB7D31}.Release|Any CPU.ActiveCfg = Release|Any CPU
		{FB3E0AAD-15BD-4130-AA4B-6A45B5CB7D31}.Release|Any CPU.Build.0 = Release|Any CPU
		{708887ED-882C-4C29-A7C9-46E86C1A6766}.Debug|Any CPU.ActiveCfg = Debug|Any CPU
		{708887ED-882C-4C29-A7C9-46E86C1A6766}.Debug|Any CPU.Build.0 = Debug|Any CPU
		{708887ED-882C-4C29-A7C9-46E86C1A6766}.Release|Any CPU.ActiveCfg = Release|Any CPU
		{708887ED-882C-4C29-A7C9-46E86C1A6766}.Release|Any CPU.Build.0 = Release|Any CPU
		{30F790C2-EB9D-4DBC-8CEB-A153DF15F315}.Debug|Any CPU.ActiveCfg = Debug|Any CPU
		{30F790C2-EB9D-4DBC-8CEB-A153DF15F315}.Debug|Any CPU.Build.0 = Debug|Any CPU
		{30F790C2-EB9D-4DBC-8CEB-A153DF15F315}.Release|Any CPU.ActiveCfg = Release|Any CPU
		{30F790C2-EB9D-4DBC-8CEB-A153DF15F315}.Release|Any CPU.Build.0 = Release|Any CPU
		{36414784-C0D7-4253-95CB-40D50DFE1C8A}.Debug|Any CPU.ActiveCfg = Debug|Any CPU
		{36414784-C0D7-4253-95CB-40D50DFE1C8A}.Debug|Any CPU.Build.0 = Debug|Any CPU
		{36414784-C0D7-4253-95CB-40D50DFE1C8A}.Release|Any CPU.ActiveCfg = Release|Any CPU
		{36414784-C0D7-4253-95CB-40D50DFE1C8A}.Release|Any CPU.Build.0 = Release|Any CPU
	EndGlobalSection
	GlobalSection(SolutionProperties) = preSolution
		HideSolutionNode = FALSE
	EndGlobalSection
	GlobalSection(NestedProjects) = preSolution
		{F860D7B9-3D28-4A13-A04D-4A1FDDDF3C6C} = {8C2284B3-8CD7-49E0-BF2C-2FCD42C1D282}
		{FB3E0AAD-15BD-4130-AA4B-6A45B5CB7D31} = {8C2284B3-8CD7-49E0-BF2C-2FCD42C1D282}
		{708887ED-882C-4C29-A7C9-46E86C1A6766} = {A55B7904-C639-4257-A02F-B46D9D55ACE3}
		{36414784-C0D7-4253-95CB-40D50DFE1C8A} = {8C2284B3-8CD7-49E0-BF2C-2FCD42C1D282}
	EndGlobalSection
	GlobalSection(ExtensibilityGlobals) = postSolution
		SolutionGuid = {5886C788-2009-4636-8DB8-6BBD287C9357}
	EndGlobalSection
EndGlobal
